// !$*UTF8*$!
{
	archiveVersion = 1;
	classes = {
	};
	objectVersion = 55;
	objects = {

/* Begin PBXBuildFile section */
		82CC2409286E7BCB006A36BB /* OfOApp.swift in Sources */ = {isa = PBXBuildFile; fileRef = 82CC2408286E7BCB006A36BB /* OfOApp.swift */; };
		82CC240B286E7BCB006A36BB /* ContentView.swift in Sources */ = {isa = PBXBuildFile; fileRef = 82CC240A286E7BCB006A36BB /* ContentView.swift */; };
		82CC240D286E7BCC006A36BB /* Assets.xcassets in Resources */ = {isa = PBXBuildFile; fileRef = 82CC240C286E7BCC006A36BB /* Assets.xcassets */; };
		82CC2410286E7BCC006A36BB /* Preview Assets.xcassets in Resources */ = {isa = PBXBuildFile; fileRef = 82CC240F286E7BCC006A36BB /* Preview Assets.xcassets */; };
		82CC24372872E2C7006A36BB /* MapView.swift in Sources */ = {isa = PBXBuildFile; fileRef = 82CC24362872E2C7006A36BB /* MapView.swift */; };
		82CC243928751F40006A36BB /* List.swift in Sources */ = {isa = PBXBuildFile; fileRef = 82CC243828751F40006A36BB /* List.swift */; };
		82CC24412875293B006A36BB /* Person.swift in Sources */ = {isa = PBXBuildFile; fileRef = 82CC24402875293B006A36BB /* Person.swift */; };
		82CC24432875297C006A36BB /* theOlds.json in Resources */ = {isa = PBXBuildFile; fileRef = 82CC24422875297C006A36BB /* theOlds.json */; };
		82CC24452875C6AD006A36BB /* PersonCard.swift in Sources */ = {isa = PBXBuildFile; fileRef = 82CC24442875C6AD006A36BB /* PersonCard.swift */; };
		82CC24472875CCA3006A36BB /* DataLoader.swift in Sources */ = {isa = PBXBuildFile; fileRef = 82CC24462875CCA3006A36BB /* DataLoader.swift */; };
		82CC24492875EA37006A36BB /* PersonDetail.swift in Sources */ = {isa = PBXBuildFile; fileRef = 82CC24482875EA37006A36BB /* PersonDetail.swift */; };
		82CC24562875EB88006A36BB /* rainbowlake.jpg in Resources */ = {isa = PBXBuildFile; fileRef = 82CC244A2875EB88006A36BB /* rainbowlake.jpg */; };
		82CC24572875EB88006A36BB /* icybay.jpg in Resources */ = {isa = PBXBuildFile; fileRef = 82CC244B2875EB88006A36BB /* icybay.jpg */; };
		82CC24582875EB88006A36BB /* twinlake.jpg in Resources */ = {isa = PBXBuildFile; fileRef = 82CC244C2875EB88006A36BB /* twinlake.jpg */; };
		82CC24592875EB88006A36BB /* silversalmoncreek.jpg in Resources */ = {isa = PBXBuildFile; fileRef = 82CC244D2875EB88006A36BB /* silversalmoncreek.jpg */; };
		82CC245A2875EB88006A36BB /* stmarylake.jpg in Resources */ = {isa = PBXBuildFile; fileRef = 82CC244E2875EB88006A36BB /* stmarylake.jpg */; };
		82CC245B2875EB88006A36BB /* lakemcdonald.jpg in Resources */ = {isa = PBXBuildFile; fileRef = 82CC244F2875EB88006A36BB /* lakemcdonald.jpg */; };
		82CC245C2875EB88006A36BB /* turtlerock.jpg in Resources */ = {isa = PBXBuildFile; fileRef = 82CC24502875EB88006A36BB /* turtlerock.jpg */; };
		82CC245D2875EB88006A36BB /* umbagog.jpg in Resources */ = {isa = PBXBuildFile; fileRef = 82CC24512875EB88006A36BB /* umbagog.jpg */; };
		82CC245E2875EB88006A36BB /* hiddenlake.jpg in Resources */ = {isa = PBXBuildFile; fileRef = 82CC24522875EB88006A36BB /* hiddenlake.jpg */; };
		82CC245F2875EB88006A36BB /* yukon_charleyrivers.jpg in Resources */ = {isa = PBXBuildFile; fileRef = 82CC24532875EB88006A36BB /* yukon_charleyrivers.jpg */; };
		82CC24602875EB88006A36BB /* chilkoottrail.jpg in Resources */ = {isa = PBXBuildFile; fileRef = 82CC24542875EB88006A36BB /* chilkoottrail.jpg */; };
		82CC24612875EB88006A36BB /* chincoteague.jpg in Resources */ = {isa = PBXBuildFile; fileRef = 82CC24552875EB88006A36BB /* chincoteague.jpg */; };
/* End PBXBuildFile section */

/* Begin PBXContainerItemProxy section */
		82CC2416286E7BCC006A36BB /* PBXContainerItemProxy */ = {
			isa = PBXContainerItemProxy;
			containerPortal = 82CC23FD286E7BCB006A36BB /* Project object */;
			proxyType = 1;
			remoteGlobalIDString = 82CC2404286E7BCB006A36BB;
			remoteInfo = OfO;
		};
		82CC2420286E7BCC006A36BB /* PBXContainerItemProxy */ = {
			isa = PBXContainerItemProxy;
			containerPortal = 82CC23FD286E7BCB006A36BB /* Project object */;
			proxyType = 1;
			remoteGlobalIDString = 82CC2404286E7BCB006A36BB;
			remoteInfo = OfO;
		};
/* End PBXContainerItemProxy section */

/* Begin PBXFileReference section */
		82CC2405286E7BCB006A36BB /* OfO.app */ = {isa = PBXFileReference; explicitFileType = wrapper.application; includeInIndex = 0; path = OfO.app; sourceTree = BUILT_PRODUCTS_DIR; };
		82CC2408286E7BCB006A36BB /* OfOApp.swift */ = {isa = PBXFileReference; lastKnownFileType = sourcecode.swift; path = OfOApp.swift; sourceTree = "<group>"; };
		82CC240A286E7BCB006A36BB /* ContentView.swift */ = {isa = PBXFileReference; lastKnownFileType = sourcecode.swift; path = ContentView.swift; sourceTree = "<group>"; };
		82CC240C286E7BCC006A36BB /* Assets.xcassets */ = {isa = PBXFileReference; lastKnownFileType = folder.assetcatalog; path = Assets.xcassets; sourceTree = "<group>"; };
		82CC240F286E7BCC006A36BB /* Preview Assets.xcassets */ = {isa = PBXFileReference; lastKnownFileType = folder.assetcatalog; path = "Preview Assets.xcassets"; sourceTree = "<group>"; };
		82CC2415286E7BCC006A36BB /* OfOTests.xctest */ = {isa = PBXFileReference; explicitFileType = wrapper.cfbundle; includeInIndex = 0; path = OfOTests.xctest; sourceTree = BUILT_PRODUCTS_DIR; };
		82CC241F286E7BCC006A36BB /* OfOUITests.xctest */ = {isa = PBXFileReference; explicitFileType = wrapper.cfbundle; includeInIndex = 0; path = OfOUITests.xctest; sourceTree = BUILT_PRODUCTS_DIR; };
		82CC24362872E2C7006A36BB /* MapView.swift */ = {isa = PBXFileReference; lastKnownFileType = sourcecode.swift; path = MapView.swift; sourceTree = "<group>"; };
		82CC243828751F40006A36BB /* List.swift */ = {isa = PBXFileReference; lastKnownFileType = sourcecode.swift; path = List.swift; sourceTree = "<group>"; };
		82CC24402875293B006A36BB /* Person.swift */ = {isa = PBXFileReference; lastKnownFileType = sourcecode.swift; path = Person.swift; sourceTree = "<group>"; };
		82CC24422875297C006A36BB /* theOlds.json */ = {isa = PBXFileReference; fileEncoding = 4; lastKnownFileType = text.json; path = theOlds.json; sourceTree = "<group>"; };
		82CC24442875C6AD006A36BB /* PersonCard.swift */ = {isa = PBXFileReference; lastKnownFileType = sourcecode.swift; path = PersonCard.swift; sourceTree = "<group>"; };
		82CC24462875CCA3006A36BB /* DataLoader.swift */ = {isa = PBXFileReference; lastKnownFileType = sourcecode.swift; path = DataLoader.swift; sourceTree = "<group>"; };
		82CC24482875EA37006A36BB /* PersonDetail.swift */ = {isa = PBXFileReference; lastKnownFileType = sourcecode.swift; path = PersonDetail.swift; sourceTree = "<group>"; };
		82CC244A2875EB88006A36BB /* rainbowlake.jpg */ = {isa = PBXFileReference; lastKnownFileType = image.jpeg; name = rainbowlake.jpg; path = ../../../../Downloads/BuildingListsAndNavigation/Complete/Landmarks/Landmarks/Resources/rainbowlake.jpg; sourceTree = "<group>"; };
		82CC244B2875EB88006A36BB /* icybay.jpg */ = {isa = PBXFileReference; lastKnownFileType = image.jpeg; name = icybay.jpg; path = ../../../../Downloads/BuildingListsAndNavigation/Complete/Landmarks/Landmarks/Resources/icybay.jpg; sourceTree = "<group>"; };
		82CC244C2875EB88006A36BB /* twinlake.jpg */ = {isa = PBXFileReference; lastKnownFileType = image.jpeg; name = twinlake.jpg; path = ../../../../Downloads/BuildingListsAndNavigation/Complete/Landmarks/Landmarks/Resources/twinlake.jpg; sourceTree = "<group>"; };
		82CC244D2875EB88006A36BB /* silversalmoncreek.jpg */ = {isa = PBXFileReference; lastKnownFileType = image.jpeg; name = silversalmoncreek.jpg; path = ../../../../Downloads/BuildingListsAndNavigation/Complete/Landmarks/Landmarks/Resources/silversalmoncreek.jpg; sourceTree = "<group>"; };
		82CC244E2875EB88006A36BB /* stmarylake.jpg */ = {isa = PBXFileReference; lastKnownFileType = image.jpeg; name = stmarylake.jpg; path = ../../../../Downloads/BuildingListsAndNavigation/Complete/Landmarks/Landmarks/Resources/stmarylake.jpg; sourceTree = "<group>"; };
		82CC244F2875EB88006A36BB /* lakemcdonald.jpg */ = {isa = PBXFileReference; lastKnownFileType = image.jpeg; name = lakemcdonald.jpg; path = ../../../../Downloads/BuildingListsAndNavigation/Complete/Landmarks/Landmarks/Resources/lakemcdonald.jpg; sourceTree = "<group>"; };
		82CC24502875EB88006A36BB /* turtlerock.jpg */ = {isa = PBXFileReference; lastKnownFileType = image.jpeg; name = turtlerock.jpg; path = ../../../../Downloads/BuildingListsAndNavigation/Complete/Landmarks/Landmarks/Resources/turtlerock.jpg; sourceTree = "<group>"; };
		82CC24512875EB88006A36BB /* umbagog.jpg */ = {isa = PBXFileReference; lastKnownFileType = image.jpeg; name = umbagog.jpg; path = ../../../../Downloads/BuildingListsAndNavigation/Complete/Landmarks/Landmarks/Resources/umbagog.jpg; sourceTree = "<group>"; };
		82CC24522875EB88006A36BB /* hiddenlake.jpg */ = {isa = PBXFileReference; lastKnownFileType = image.jpeg; name = hiddenlake.jpg; path = ../../../../Downloads/BuildingListsAndNavigation/Complete/Landmarks/Landmarks/Resources/hiddenlake.jpg; sourceTree = "<group>"; };
		82CC24532875EB88006A36BB /* yukon_charleyrivers.jpg */ = {isa = PBXFileReference; lastKnownFileType = image.jpeg; name = yukon_charleyrivers.jpg; path = ../../../../Downloads/BuildingListsAndNavigation/Complete/Landmarks/Landmarks/Resources/yukon_charleyrivers.jpg; sourceTree = "<group>"; };
		82CC24542875EB88006A36BB /* chilkoottrail.jpg */ = {isa = PBXFileReference; lastKnownFileType = image.jpeg; name = chilkoottrail.jpg; path = ../../../../Downloads/BuildingListsAndNavigation/Complete/Landmarks/Landmarks/Resources/chilkoottrail.jpg; sourceTree = "<group>"; };
		82CC24552875EB88006A36BB /* chincoteague.jpg */ = {isa = PBXFileReference; lastKnownFileType = image.jpeg; name = chincoteague.jpg; path = ../../../../Downloads/BuildingListsAndNavigation/Complete/Landmarks/Landmarks/Resources/chincoteague.jpg; sourceTree = "<group>"; };
		82CC24622875EE06006A36BB /* OfOTests */ = {isa = PBXFileReference; lastKnownFileType = folder; name = OfOTests; path = ../../OfO/OfOTests; sourceTree = "<group>"; };
		82CC24632875EE06006A36BB /* OfOUITests */ = {isa = PBXFileReference; lastKnownFileType = folder; name = OfOUITests; path = ../../OfO/OfOUITests; sourceTree = "<group>"; };
/* End PBXFileReference section */

/* Begin PBXFrameworksBuildPhase section */
		82CC2402286E7BCB006A36BB /* Frameworks */ = {
			isa = PBXFrameworksBuildPhase;
			buildActionMask = 2147483647;
			files = (
			);
			runOnlyForDeploymentPostprocessing = 0;
		};
		82CC2412286E7BCC006A36BB /* Frameworks */ = {
			isa = PBXFrameworksBuildPhase;
			buildActionMask = 2147483647;
			files = (
			);
			runOnlyForDeploymentPostprocessing = 0;
		};
		82CC241C286E7BCC006A36BB /* Frameworks */ = {
			isa = PBXFrameworksBuildPhase;
			buildActionMask = 2147483647;
			files = (
			);
			runOnlyForDeploymentPostprocessing = 0;
		};
/* End PBXFrameworksBuildPhase section */

/* Begin PBXGroup section */
		82CC23FC286E7BCB006A36BB = {
			isa = PBXGroup;
			children = (
				82CC2407286E7BCB006A36BB /* OfO */,
				82CC2406286E7BCB006A36BB /* Products */,
			);
			sourceTree = "<group>";
		};
		82CC2406286E7BCB006A36BB /* Products */ = {
			isa = PBXGroup;
			children = (
				82CC2405286E7BCB006A36BB /* OfO.app */,
				82CC2415286E7BCC006A36BB /* OfOTests.xctest */,
				82CC241F286E7BCC006A36BB /* OfOUITests.xctest */,
			);
			name = Products;
			sourceTree = "<group>";
		};
		82CC2407286E7BCB006A36BB /* OfO */ = {
			isa = PBXGroup;
			children = (
				82CC243E2875240B006A36BB /* Models */,
				82CC243D287523F2006A36BB /* Supporting Views */,
				82CC243C287523D6006A36BB /* Resources */,
				82CC2408286E7BCB006A36BB /* OfOApp.swift */,
				82CC240A286E7BCB006A36BB /* ContentView.swift */,
				82CC240C286E7BCC006A36BB /* Assets.xcassets */,
				82CC240E286E7BCC006A36BB /* Preview Content */,
				82CC243828751F40006A36BB /* List.swift */,
				82CC24442875C6AD006A36BB /* PersonCard.swift */,
				82CC24482875EA37006A36BB /* PersonDetail.swift */,
				82CC24622875EE06006A36BB /* OfOTests */,
				82CC24632875EE06006A36BB /* OfOUITests */,
			);
			path = OfO;
			sourceTree = "<group>";
		};
		82CC240E286E7BCC006A36BB /* Preview Content */ = {
			isa = PBXGroup;
			children = (
				82CC240F286E7BCC006A36BB /* Preview Assets.xcassets */,
			);
			path = "Preview Content";
			sourceTree = "<group>";
		};
		82CC243C287523D6006A36BB /* Resources */ = {
			isa = PBXGroup;
			children = (
				82CC24542875EB88006A36BB /* chilkoottrail.jpg */,
				82CC24552875EB88006A36BB /* chincoteague.jpg */,
				82CC24522875EB88006A36BB /* hiddenlake.jpg */,
				82CC244B2875EB88006A36BB /* icybay.jpg */,
				82CC244F2875EB88006A36BB /* lakemcdonald.jpg */,
				82CC244A2875EB88006A36BB /* rainbowlake.jpg */,
				82CC244D2875EB88006A36BB /* silversalmoncreek.jpg */,
				82CC244E2875EB88006A36BB /* stmarylake.jpg */,
				82CC24502875EB88006A36BB /* turtlerock.jpg */,
				82CC244C2875EB88006A36BB /* twinlake.jpg */,
				82CC24512875EB88006A36BB /* umbagog.jpg */,
				82CC24532875EB88006A36BB /* yukon_charleyrivers.jpg */,
				82CC24422875297C006A36BB /* theOlds.json */,
			);
			path = Resources;
			sourceTree = "<group>";
		};
		82CC243D287523F2006A36BB /* Supporting Views */ = {
			isa = PBXGroup;
			children = (
				82CC24362872E2C7006A36BB /* MapView.swift */,
			);
			path = "Supporting Views";
			sourceTree = "<group>";
		};
		82CC243E2875240B006A36BB /* Models */ = {
			isa = PBXGroup;
			children = (
				82CC24402875293B006A36BB /* Person.swift */,
				82CC24462875CCA3006A36BB /* DataLoader.swift */,
			);
			path = Models;
			sourceTree = "<group>";
		};
/* End PBXGroup section */

/* Begin PBXNativeTarget section */
		82CC2404286E7BCB006A36BB /* OfO */ = {
			isa = PBXNativeTarget;
			buildConfigurationList = 82CC2429286E7BCC006A36BB /* Build configuration list for PBXNativeTarget "OfO" */;
			buildPhases = (
				82CC2401286E7BCB006A36BB /* Sources */,
				82CC2402286E7BCB006A36BB /* Frameworks */,
				82CC2403286E7BCB006A36BB /* Resources */,
			);
			buildRules = (
			);
			dependencies = (
			);
			name = OfO;
			productName = OfO;
			productReference = 82CC2405286E7BCB006A36BB /* OfO.app */;
			productType = "com.apple.product-type.application";
		};
		82CC2414286E7BCC006A36BB /* OfOTests */ = {
			isa = PBXNativeTarget;
			buildConfigurationList = 82CC242C286E7BCC006A36BB /* Build configuration list for PBXNativeTarget "OfOTests" */;
			buildPhases = (
				82CC2411286E7BCC006A36BB /* Sources */,
				82CC2412286E7BCC006A36BB /* Frameworks */,
				82CC2413286E7BCC006A36BB /* Resources */,
			);
			buildRules = (
			);
			dependencies = (
				82CC2417286E7BCC006A36BB /* PBXTargetDependency */,
			);
			name = OfOTests;
			productName = OfOTests;
			productReference = 82CC2415286E7BCC006A36BB /* OfOTests.xctest */;
			productType = "com.apple.product-type.bundle.unit-test";
		};
		82CC241E286E7BCC006A36BB /* OfOUITests */ = {
			isa = PBXNativeTarget;
			buildConfigurationList = 82CC242F286E7BCC006A36BB /* Build configuration list for PBXNativeTarget "OfOUITests" */;
			buildPhases = (
				82CC241B286E7BCC006A36BB /* Sources */,
				82CC241C286E7BCC006A36BB /* Frameworks */,
				82CC241D286E7BCC006A36BB /* Resources */,
			);
			buildRules = (
			);
			dependencies = (
				82CC2421286E7BCC006A36BB /* PBXTargetDependency */,
			);
			name = OfOUITests;
			productName = OfOUITests;
			productReference = 82CC241F286E7BCC006A36BB /* OfOUITests.xctest */;
			productType = "com.apple.product-type.bundle.ui-testing";
		};
/* End PBXNativeTarget section */

/* Begin PBXProject section */
		82CC23FD286E7BCB006A36BB /* Project object */ = {
			isa = PBXProject;
			attributes = {
				BuildIndependentTargetsInParallel = 1;
				LastSwiftUpdateCheck = 1300;
				LastUpgradeCheck = 1300;
				TargetAttributes = {
					82CC2404286E7BCB006A36BB = {
						CreatedOnToolsVersion = 13.0;
					};
					82CC2414286E7BCC006A36BB = {
						CreatedOnToolsVersion = 13.0;
						TestTargetID = 82CC2404286E7BCB006A36BB;
					};
					82CC241E286E7BCC006A36BB = {
						CreatedOnToolsVersion = 13.0;
						TestTargetID = 82CC2404286E7BCB006A36BB;
					};
				};
			};
			buildConfigurationList = 82CC2400286E7BCB006A36BB /* Build configuration list for PBXProject "OfO" */;
			compatibilityVersion = "Xcode 13.0";
			developmentRegion = en;
			hasScannedForEncodings = 0;
			knownRegions = (
				en,
				Base,
			);
			mainGroup = 82CC23FC286E7BCB006A36BB;
			productRefGroup = 82CC2406286E7BCB006A36BB /* Products */;
			projectDirPath = "";
			projectRoot = "";
			targets = (
				82CC2404286E7BCB006A36BB /* OfO */,
				82CC2414286E7BCC006A36BB /* OfOTests */,
				82CC241E286E7BCC006A36BB /* OfOUITests */,
			);
		};
/* End PBXProject section */

/* Begin PBXResourcesBuildPhase section */
		82CC2403286E7BCB006A36BB /* Resources */ = {
			isa = PBXResourcesBuildPhase;
			buildActionMask = 2147483647;
			files = (
				82CC24582875EB88006A36BB /* twinlake.jpg in Resources */,
				82CC2410286E7BCC006A36BB /* Preview Assets.xcassets in Resources */,
				82CC245A2875EB88006A36BB /* stmarylake.jpg in Resources */,
				82CC245B2875EB88006A36BB /* lakemcdonald.jpg in Resources */,
				82CC245C2875EB88006A36BB /* turtlerock.jpg in Resources */,
				82CC24562875EB88006A36BB /* rainbowlake.jpg in Resources */,
				82CC240D286E7BCC006A36BB /* Assets.xcassets in Resources */,
				82CC24592875EB88006A36BB /* silversalmoncreek.jpg in Resources */,
				82CC24572875EB88006A36BB /* icybay.jpg in Resources */,
				82CC24612875EB88006A36BB /* chincoteague.jpg in Resources */,
				82CC24602875EB88006A36BB /* chilkoottrail.jpg in Resources */,
				82CC245D2875EB88006A36BB /* umbagog.jpg in Resources */,
				82CC245E2875EB88006A36BB /* hiddenlake.jpg in Resources */,
				82CC24432875297C006A36BB /* theOlds.json in Resources */,
				82CC245F2875EB88006A36BB /* yukon_charleyrivers.jpg in Resources */,
			);
			runOnlyForDeploymentPostprocessing = 0;
		};
		82CC2413286E7BCC006A36BB /* Resources */ = {
			isa = PBXResourcesBuildPhase;
			buildActionMask = 2147483647;
			files = (
			);
			runOnlyForDeploymentPostprocessing = 0;
		};
		82CC241D286E7BCC006A36BB /* Resources */ = {
			isa = PBXResourcesBuildPhase;
			buildActionMask = 2147483647;
			files = (
			);
			runOnlyForDeploymentPostprocessing = 0;
		};
/* End PBXResourcesBuildPhase section */

/* Begin PBXSourcesBuildPhase section */
		82CC2401286E7BCB006A36BB /* Sources */ = {
			isa = PBXSourcesBuildPhase;
			buildActionMask = 2147483647;
			files = (
				82CC24452875C6AD006A36BB /* PersonCard.swift in Sources */,
				82CC24412875293B006A36BB /* Person.swift in Sources */,
				82CC240B286E7BCB006A36BB /* ContentView.swift in Sources */,
				82CC24372872E2C7006A36BB /* MapView.swift in Sources */,
				82CC24472875CCA3006A36BB /* DataLoader.swift in Sources */,
				82CC2409286E7BCB006A36BB /* OfOApp.swift in Sources */,
				82CC243928751F40006A36BB /* List.swift in Sources */,
				82CC24492875EA37006A36BB /* PersonDetail.swift in Sources */,
			);
			runOnlyForDeploymentPostprocessing = 0;
		};
		82CC2411286E7BCC006A36BB /* Sources */ = {
			isa = PBXSourcesBuildPhase;
			buildActionMask = 2147483647;
			files = (
			);
			runOnlyForDeploymentPostprocessing = 0;
		};
		82CC241B286E7BCC006A36BB /* Sources */ = {
			isa = PBXSourcesBuildPhase;
			buildActionMask = 2147483647;
			files = (
			);
			runOnlyForDeploymentPostprocessing = 0;
		};
/* End PBXSourcesBuildPhase section */

/* Begin PBXTargetDependency section */
		82CC2417286E7BCC006A36BB /* PBXTargetDependency */ = {
			isa = PBXTargetDependency;
			target = 82CC2404286E7BCB006A36BB /* OfO */;
			targetProxy = 82CC2416286E7BCC006A36BB /* PBXContainerItemProxy */;
		};
		82CC2421286E7BCC006A36BB /* PBXTargetDependency */ = {
			isa = PBXTargetDependency;
			target = 82CC2404286E7BCB006A36BB /* OfO */;
			targetProxy = 82CC2420286E7BCC006A36BB /* PBXContainerItemProxy */;
		};
/* End PBXTargetDependency section */

/* Begin XCBuildConfiguration section */
		82CC2427286E7BCC006A36BB /* Debug */ = {
			isa = XCBuildConfiguration;
			buildSettings = {
				ALWAYS_SEARCH_USER_PATHS = NO;
				CLANG_ANALYZER_NONNULL = YES;
				CLANG_ANALYZER_NUMBER_OBJECT_CONVERSION = YES_AGGRESSIVE;
				CLANG_CXX_LANGUAGE_STANDARD = "gnu++17";
				CLANG_CXX_LIBRARY = "libc++";
				CLANG_ENABLE_MODULES = YES;
				CLANG_ENABLE_OBJC_ARC = YES;
				CLANG_ENABLE_OBJC_WEAK = YES;
				CLANG_WARN_BLOCK_CAPTURE_AUTORELEASING = YES;
				CLANG_WARN_BOOL_CONVERSION = YES;
				CLANG_WARN_COMMA = YES;
				CLANG_WARN_CONSTANT_CONVERSION = YES;
				CLANG_WARN_DEPRECATED_OBJC_IMPLEMENTATIONS = YES;
				CLANG_WARN_DIRECT_OBJC_ISA_USAGE = YES_ERROR;
				CLANG_WARN_DOCUMENTATION_COMMENTS = YES;
				CLANG_WARN_EMPTY_BODY = YES;
				CLANG_WARN_ENUM_CONVERSION = YES;
				CLANG_WARN_INFINITE_RECURSION = YES;
				CLANG_WARN_INT_CONVERSION = YES;
				CLANG_WARN_NON_LITERAL_NULL_CONVERSION = YES;
				CLANG_WARN_OBJC_IMPLICIT_RETAIN_SELF = YES;
				CLANG_WARN_OBJC_LITERAL_CONVERSION = YES;
				CLANG_WARN_OBJC_ROOT_CLASS = YES_ERROR;
				CLANG_WARN_QUOTED_INCLUDE_IN_FRAMEWORK_HEADER = YES;
				CLANG_WARN_RANGE_LOOP_ANALYSIS = YES;
				CLANG_WARN_STRICT_PROTOTYPES = YES;
				CLANG_WARN_SUSPICIOUS_MOVE = YES;
				CLANG_WARN_UNGUARDED_AVAILABILITY = YES_AGGRESSIVE;
				CLANG_WARN_UNREACHABLE_CODE = YES;
				CLANG_WARN__DUPLICATE_METHOD_MATCH = YES;
				COPY_PHASE_STRIP = NO;
				DEBUG_INFORMATION_FORMAT = dwarf;
				ENABLE_STRICT_OBJC_MSGSEND = YES;
				ENABLE_TESTABILITY = YES;
				GCC_C_LANGUAGE_STANDARD = gnu11;
				GCC_DYNAMIC_NO_PIC = NO;
				GCC_NO_COMMON_BLOCKS = YES;
				GCC_OPTIMIZATION_LEVEL = 0;
				GCC_PREPROCESSOR_DEFINITIONS = (
					"DEBUG=1",
					"$(inherited)",
				);
				GCC_WARN_64_TO_32_BIT_CONVERSION = YES;
				GCC_WARN_ABOUT_RETURN_TYPE = YES_ERROR;
				GCC_WARN_UNDECLARED_SELECTOR = YES;
				GCC_WARN_UNINITIALIZED_AUTOS = YES_AGGRESSIVE;
				GCC_WARN_UNUSED_FUNCTION = YES;
				GCC_WARN_UNUSED_VARIABLE = YES;
				IPHONEOS_DEPLOYMENT_TARGET = 15.0;
				MTL_ENABLE_DEBUG_INFO = INCLUDE_SOURCE;
				MTL_FAST_MATH = YES;
				ONLY_ACTIVE_ARCH = YES;
				SDKROOT = iphoneos;
				SWIFT_ACTIVE_COMPILATION_CONDITIONS = DEBUG;
				SWIFT_OPTIMIZATION_LEVEL = "-Onone";
			};
			name = Debug;
		};
		82CC2428286E7BCC006A36BB /* Release */ = {
			isa = XCBuildConfiguration;
			buildSettings = {
				ALWAYS_SEARCH_USER_PATHS = NO;
				CLANG_ANALYZER_NONNULL = YES;
				CLANG_ANALYZER_NUMBER_OBJECT_CONVERSION = YES_AGGRESSIVE;
				CLANG_CXX_LANGUAGE_STANDARD = "gnu++17";
				CLANG_CXX_LIBRARY = "libc++";
				CLANG_ENABLE_MODULES = YES;
				CLANG_ENABLE_OBJC_ARC = YES;
				CLANG_ENABLE_OBJC_WEAK = YES;
				CLANG_WARN_BLOCK_CAPTURE_AUTORELEASING = YES;
				CLANG_WARN_BOOL_CONVERSION = YES;
				CLANG_WARN_COMMA = YES;
				CLANG_WARN_CONSTANT_CONVERSION = YES;
				CLANG_WARN_DEPRECATED_OBJC_IMPLEMENTATIONS = YES;
				CLANG_WARN_DIRECT_OBJC_ISA_USAGE = YES_ERROR;
				CLANG_WARN_DOCUMENTATION_COMMENTS = YES;
				CLANG_WARN_EMPTY_BODY = YES;
				CLANG_WARN_ENUM_CONVERSION = YES;
				CLANG_WARN_INFINITE_RECURSION = YES;
				CLANG_WARN_INT_CONVERSION = YES;
				CLANG_WARN_NON_LITERAL_NULL_CONVERSION = YES;
				CLANG_WARN_OBJC_IMPLICIT_RETAIN_SELF = YES;
				CLANG_WARN_OBJC_LITERAL_CONVERSION = YES;
				CLANG_WARN_OBJC_ROOT_CLASS = YES_ERROR;
				CLANG_WARN_QUOTED_INCLUDE_IN_FRAMEWORK_HEADER = YES;
				CLANG_WARN_RANGE_LOOP_ANALYSIS = YES;
				CLANG_WARN_STRICT_PROTOTYPES = YES;
				CLANG_WARN_SUSPICIOUS_MOVE = YES;
				CLANG_WARN_UNGUARDED_AVAILABILITY = YES_AGGRESSIVE;
				CLANG_WARN_UNREACHABLE_CODE = YES;
				CLANG_WARN__DUPLICATE_METHOD_MATCH = YES;
				COPY_PHASE_STRIP = NO;
				DEBUG_INFORMATION_FORMAT = "dwarf-with-dsym";
				ENABLE_NS_ASSERTIONS = NO;
				ENABLE_STRICT_OBJC_MSGSEND = YES;
				GCC_C_LANGUAGE_STANDARD = gnu11;
				GCC_NO_COMMON_BLOCKS = YES;
				GCC_WARN_64_TO_32_BIT_CONVERSION = YES;
				GCC_WARN_ABOUT_RETURN_TYPE = YES_ERROR;
				GCC_WARN_UNDECLARED_SELECTOR = YES;
				GCC_WARN_UNINITIALIZED_AUTOS = YES_AGGRESSIVE;
				GCC_WARN_UNUSED_FUNCTION = YES;
				GCC_WARN_UNUSED_VARIABLE = YES;
				IPHONEOS_DEPLOYMENT_TARGET = 15.0;
				MTL_ENABLE_DEBUG_INFO = NO;
				MTL_FAST_MATH = YES;
				SDKROOT = iphoneos;
				SWIFT_COMPILATION_MODE = wholemodule;
				SWIFT_OPTIMIZATION_LEVEL = "-O";
				VALIDATE_PRODUCT = YES;
			};
			name = Release;
		};
		82CC242A286E7BCC006A36BB /* Debug */ = {
			isa = XCBuildConfiguration;
			buildSettings = {
				ASSETCATALOG_COMPILER_APPICON_NAME = AppIcon;
				ASSETCATALOG_COMPILER_GLOBAL_ACCENT_COLOR_NAME = AccentColor;
				CODE_SIGN_STYLE = Automatic;
				CURRENT_PROJECT_VERSION = 1;
				DEVELOPMENT_ASSET_PATHS = "\"OfO/Preview Content\"";
				ENABLE_PREVIEWS = YES;
				GENERATE_INFOPLIST_FILE = YES;
				INFOPLIST_KEY_UIApplicationSceneManifest_Generation = YES;
				INFOPLIST_KEY_UIApplicationSupportsIndirectInputEvents = YES;
				INFOPLIST_KEY_UILaunchScreen_Generation = YES;
				INFOPLIST_KEY_UISupportedInterfaceOrientations_iPad = "UIInterfaceOrientationPortrait UIInterfaceOrientationPortraitUpsideDown UIInterfaceOrientationLandscapeLeft UIInterfaceOrientationLandscapeRight";
				INFOPLIST_KEY_UISupportedInterfaceOrientations_iPhone = "UIInterfaceOrientationPortrait UIInterfaceOrientationLandscapeLeft UIInterfaceOrientationLandscapeRight";
				IPHONEOS_DEPLOYMENT_TARGET = 14.0;
				LD_RUNPATH_SEARCH_PATHS = (
					"$(inherited)",
					"@executable_path/Frameworks",
				);
				MARKETING_VERSION = 1.0;
				PRODUCT_BUNDLE_IDENTIFIER = char.OfO;
				PRODUCT_NAME = "$(TARGET_NAME)";
				SWIFT_EMIT_LOC_STRINGS = YES;
				SWIFT_VERSION = 5.0;
				TARGETED_DEVICE_FAMILY = "1,2";
			};
			name = Debug;
		};
		82CC242B286E7BCC006A36BB /* Release */ = {
			isa = XCBuildConfiguration;
			buildSettings = {
				ASSETCATALOG_COMPILER_APPICON_NAME = AppIcon;
				ASSETCATALOG_COMPILER_GLOBAL_ACCENT_COLOR_NAME = AccentColor;
				CODE_SIGN_STYLE = Automatic;
				CURRENT_PROJECT_VERSION = 1;
				DEVELOPMENT_ASSET_PATHS = "\"OfO/Preview Content\"";
				ENABLE_PREVIEWS = YES;
				GENERATE_INFOPLIST_FILE = YES;
				INFOPLIST_KEY_UIApplicationSceneManifest_Generation = YES;
				INFOPLIST_KEY_UIApplicationSupportsIndirectInputEvents = YES;
				INFOPLIST_KEY_UILaunchScreen_Generation = YES;
				INFOPLIST_KEY_UISupportedInterfaceOrientations_iPad = "UIInterfaceOrientationPortrait UIInterfaceOrientationPortraitUpsideDown UIInterfaceOrientationLandscapeLeft UIInterfaceOrientationLandscapeRight";
				INFOPLIST_KEY_UISupportedInterfaceOrientations_iPhone = "UIInterfaceOrientationPortrait UIInterfaceOrientationLandscapeLeft UIInterfaceOrientationLandscapeRight";
				IPHONEOS_DEPLOYMENT_TARGET = 14.0;
				LD_RUNPATH_SEARCH_PATHS = (
					"$(inherited)",
					"@executable_path/Frameworks",
				);
				MARKETING_VERSION = 1.0;
				PRODUCT_BUNDLE_IDENTIFIER = char.OfO;
				PRODUCT_NAME = "$(TARGET_NAME)";
				SWIFT_EMIT_LOC_STRINGS = YES;
				SWIFT_VERSION = 5.0;
				TARGETED_DEVICE_FAMILY = "1,2";
			};
			name = Release;
		};
		82CC242D286E7BCC006A36BB /* Debug */ = {
			isa = XCBuildConfiguration;
			buildSettings = {
				ALWAYS_EMBED_SWIFT_STANDARD_LIBRARIES = YES;
				BUNDLE_LOADER = "$(TEST_HOST)";
				CODE_SIGN_STYLE = Automatic;
				CURRENT_PROJECT_VERSION = 1;
				GENERATE_INFOPLIST_FILE = YES;
				IPHONEOS_DEPLOYMENT_TARGET = 14.0;
				LD_RUNPATH_SEARCH_PATHS = (
					"$(inherited)",
					"@executable_path/Frameworks",
					"@loader_path/Frameworks",
				);
				MARKETING_VERSION = 1.0;
				PRODUCT_BUNDLE_IDENTIFIER = char.OfOTests;
				PRODUCT_NAME = "$(TARGET_NAME)";
				SWIFT_EMIT_LOC_STRINGS = NO;
				SWIFT_VERSION = 5.0;
				TARGETED_DEVICE_FAMILY = "1,2";
				TEST_HOST = "$(BUILT_PRODUCTS_DIR)/OfO.app/OfO";
			};
			name = Debug;
		};
		82CC242E286E7BCC006A36BB /* Release */ = {
			isa = XCBuildConfiguration;
			buildSettings = {
				ALWAYS_EMBED_SWIFT_STANDARD_LIBRARIES = YES;
				BUNDLE_LOADER = "$(TEST_HOST)";
				CODE_SIGN_STYLE = Automatic;
				CURRENT_PROJECT_VERSION = 1;
				GENERATE_INFOPLIST_FILE = YES;
				IPHONEOS_DEPLOYMENT_TARGET = 14.0;
				LD_RUNPATH_SEARCH_PATHS = (
					"$(inherited)",
					"@executable_path/Frameworks",
					"@loader_path/Frameworks",
				);
				MARKETING_VERSION = 1.0;
				PRODUCT_BUNDLE_IDENTIFIER = char.OfOTests;
				PRODUCT_NAME = "$(TARGET_NAME)";
				SWIFT_EMIT_LOC_STRINGS = NO;
				SWIFT_VERSION = 5.0;
				TARGETED_DEVICE_FAMILY = "1,2";
				TEST_HOST = "$(BUILT_PRODUCTS_DIR)/OfO.app/OfO";
			};
			name = Release;
		};
		82CC2430286E7BCC006A36BB /* Debug */ = {
			isa = XCBuildConfiguration;
			buildSettings = {
				ALWAYS_EMBED_SWIFT_STANDARD_LIBRARIES = YES;
				CODE_SIGN_STYLE = Automatic;
				CURRENT_PROJECT_VERSION = 1;
				GENERATE_INFOPLIST_FILE = YES;
				LD_RUNPATH_SEARCH_PATHS = (
					"$(inherited)",
					"@executable_path/Frameworks",
					"@loader_path/Frameworks",
				);
				MARKETING_VERSION = 1.0;
				PRODUCT_BUNDLE_IDENTIFIER = char.OfOUITests;
				PRODUCT_NAME = "$(TARGET_NAME)";
				SWIFT_EMIT_LOC_STRINGS = NO;
				SWIFT_VERSION = 5.0;
				TARGETED_DEVICE_FAMILY = "1,2";
				TEST_TARGET_NAME = OfO;
			};
			name = Debug;
		};
		82CC2431286E7BCC006A36BB /* Release */ = {
			isa = XCBuildConfiguration;
			buildSettings = {
				ALWAYS_EMBED_SWIFT_STANDARD_LIBRARIES = YES;
				CODE_SIGN_STYLE = Automatic;
				CURRENT_PROJECT_VERSION = 1;
				GENERATE_INFOPLIST_FILE = YES;
				LD_RUNPATH_SEARCH_PATHS = (
					"$(inherited)",
					"@executable_path/Frameworks",
					"@loader_path/Frameworks",
				);
				MARKETING_VERSION = 1.0;
				PRODUCT_BUNDLE_IDENTIFIER = char.OfOUITests;
				PRODUCT_NAME = "$(TARGET_NAME)";
				SWIFT_EMIT_LOC_STRINGS = NO;
				SWIFT_VERSION = 5.0;
				TARGETED_DEVICE_FAMILY = "1,2";
				TEST_TARGET_NAME = OfO;
			};
			name = Release;
		};
/* End XCBuildConfiguration section */

/* Begin XCConfigurationList section */
		82CC2400286E7BCB006A36BB /* Build configuration list for PBXProject "OfO" */ = {
			isa = XCConfigurationList;
			buildConfigurations = (
				82CC2427286E7BCC006A36BB /* Debug */,
				82CC2428286E7BCC006A36BB /* Release */,
			);
			defaultConfigurationIsVisible = 0;
			defaultConfigurationName = Release;
		};
		82CC2429286E7BCC006A36BB /* Build configuration list for PBXNativeTarget "OfO" */ = {
			isa = XCConfigurationList;
			buildConfigurations = (
				82CC242A286E7BCC006A36BB /* Debug */,
				82CC242B286E7BCC006A36BB /* Release */,
			);
			defaultConfigurationIsVisible = 0;
			defaultConfigurationName = Release;
		};
		82CC242C286E7BCC006A36BB /* Build configuration list for PBXNativeTarget "OfOTests" */ = {
			isa = XCConfigurationList;
			buildConfigurations = (
				82CC242D286E7BCC006A36BB /* Debug */,
				82CC242E286E7BCC006A36BB /* Release */,
			);
			defaultConfigurationIsVisible = 0;
			defaultConfigurationName = Release;
		};
		82CC242F286E7BCC006A36BB /* Build configuration list for PBXNativeTarget "OfOUITests" */ = {
			isa = XCConfigurationList;
			buildConfigurations = (
				82CC2430286E7BCC006A36BB /* Debug */,
				82CC2431286E7BCC006A36BB /* Release */,
			);
			defaultConfigurationIsVisible = 0;
			defaultConfigurationName = Release;
		};
/* End XCConfigurationList section */
	};
	rootObject = 82CC23FD286E7BCB006A36BB /* Project object */;
}
